
Microsoft Visual Studio Solution File, Format Version 12.00
# Visual Studio Version 17
VisualStudioVersion = 17.13.35919.96
MinimumVisualStudioVersion = 10.0.40219.1
Project("{FAE04EC0-301F-11D3-BF4B-00C04F79EFBC}") = "PatternPixTrainerPanel", "PatternPixTrainerPanel\PatternPixTrainerPanel.csproj", "{D8967EE7-E8A1-4ADD-AA9B-3ED4D55DF70C}"
EndProject
Project("{FAE04EC0-301F-11D3-BF4B-00C04F79EFBC}") = "Common", "Common\Common.csproj", "{B64B97FC-29CB-4835-863D-6A9C275D5E0B}"
EndProject
Global
	GlobalSection(SolutionConfigurationPlatforms) = preSolution
		Debug|Any CPU = Debug|Any CPU
		Release|Any CPU = Release|Any CPU
	EndGlobalSection
	GlobalSection(ProjectConfigurationPlatforms) = postSolution
		{D8967EE7-E8A1-4ADD-AA9B-3ED4D55DF70C}.Debug|Any CPU.ActiveCfg = Debug|Any CPU
		{D8967EE7-E8A1-4ADD-AA9B-3ED4D55DF70C}.Debug|Any CPU.Build.0 = Debug|Any CPU
		{D8967EE7-E8A1-4ADD-AA9B-3ED4D55DF70C}.Release|Any CPU.ActiveCfg = Release|Any CPU
		{D8967EE7-E8A1-4ADD-AA9B-3ED4D55DF70C}.Release|Any CPU.Build.0 = Release|Any CPU
		{B64B97FC-29CB-4835-863D-6A9C275D5E0B}.Debug|Any CPU.ActiveCfg = Debug|Any CPU
		{B64B97FC-29CB-4835-863D-6A9C275D5E0B}.Debug|Any CPU.Build.0 = Debug|Any CPU
		{B64B97FC-29CB-4835-863D-6A9C275D5E0B}.Release|Any CPU.ActiveCfg = Release|Any CPU
		{B64B97FC-29CB-4835-863D-6A9C275D5E0B}.Release|Any CPU.Build.0 = Release|Any CPU
	EndGlobalSection
	GlobalSection(SolutionProperties) = preSolution
		HideSolutionNode = FALSE
	EndGlobalSection
	GlobalSection(ExtensibilityGlobals) = postSolution
		SolutionGuid = {5B900930-B4BA-4365-93E0-69051D552B53}
	EndGlobalSection
EndGlobal
